
Microsoft Visual Studio Solution File, Format Version 12.00
# Visual Studio Version 16
VisualStudioVersion = 16.0.31424.327
MinimumVisualStudioVersion = 10.0.40219.1
Project("{9A19103F-16F7-4668-BE54-9A1E7A4F7556}") = "Projeto_Inventáro", "Projeto_Inventáro\Projeto_Inventáro.csproj", "{B15EB4FF-FA71-4627-8A5F-2D716F555FDF}"
EndProject
Project("{E53339B2-1760-4266-BCC7-CA923CBCF16C}") = "docker-compose", "docker-compose.dcproj", "{0E2AAA38-03FF-4893-84F6-81A6EC374226}"
EndProject
Global
	GlobalSection(SolutionConfigurationPlatforms) = preSolution
		Debug|Any CPU = Debug|Any CPU
		Release|Any CPU = Release|Any CPU
	EndGlobalSection
	GlobalSection(ProjectConfigurationPlatforms) = postSolution
		{B15EB4FF-FA71-4627-8A5F-2D716F555FDF}.Debug|Any CPU.ActiveCfg = Debug|Any CPU
		{B15EB4FF-FA71-4627-8A5F-2D716F555FDF}.Debug|Any CPU.Build.0 = Debug|Any CPU
		{B15EB4FF-FA71-4627-8A5F-2D716F555FDF}.Release|Any CPU.ActiveCfg = Release|Any CPU
		{B15EB4FF-FA71-4627-8A5F-2D716F555FDF}.Release|Any CPU.Build.0 = Release|Any CPU
		{0E2AAA38-03FF-4893-84F6-81A6EC374226}.Debug|Any CPU.ActiveCfg = Debug|Any CPU
		{0E2AAA38-03FF-4893-84F6-81A6EC374226}.Debug|Any CPU.Build.0 = Debug|Any CPU
		{0E2AAA38-03FF-4893-84F6-81A6EC374226}.Release|Any CPU.ActiveCfg = Release|Any CPU
		{0E2AAA38-03FF-4893-84F6-81A6EC374226}.Release|Any CPU.Build.0 = Release|Any CPU
	EndGlobalSection
	GlobalSection(SolutionProperties) = preSolution
		HideSolutionNode = FALSE
	EndGlobalSection
	GlobalSection(ExtensibilityGlobals) = postSolution
		SolutionGuid = {A483CC7E-3C0B-4913-B71C-534D4CAFC568}
	EndGlobalSection
EndGlobal
